
Microsoft Visual Studio Solution File, Format Version 12.00
# Visual Studio Version 17
VisualStudioVersion = 17.11.35222.181
MinimumVisualStudioVersion = 10.0.40219.1
Project("{FAE04EC0-301F-11D3-BF4B-00C04F79EFBC}") = "PonyVirus", "PonyVirus\PonyVirus.csproj", "{992A4C0E-24DF-4A5A-89BA-D0F7887BA484}"
EndProject
Global
	GlobalSection(SolutionConfigurationPlatforms) = preSolution
		Debug|Any CPU = Debug|Any CPU
		Release|Any CPU = Release|Any CPU
	EndGlobalSection
	GlobalSection(ProjectConfigurationPlatforms) = postSolution
		{992A4C0E-24DF-4A5A-89BA-D0F7887BA484}.Debug|Any CPU.ActiveCfg = Debug|Any CPU
		{992A4C0E-24DF-4A5A-89BA-D0F7887BA484}.Debug|Any CPU.Build.0 = Debug|Any CPU
		{992A4C0E-24DF-4A5A-89BA-D0F7887BA484}.Release|Any CPU.ActiveCfg = Release|Any CPU
		{992A4C0E-24DF-4A5A-89BA-D0F7887BA484}.Release|Any CPU.Build.0 = Release|Any CPU
	EndGlobalSection
	GlobalSection(SolutionProperties) = preSolution
		HideSolutionNode = FALSE
	EndGlobalSection
	GlobalSection(ExtensibilityGlobals) = postSolution
		SolutionGuid = {F28B0D1D-AC5D-4155-ABF0-DB64AD491C51}
	EndGlobalSection
EndGlobal
